<Solution>
  <Project Path="EventFlow.Business/EventFlow.Business.csproj" Id="a557ab76-23b4-48fc-acb2-dcf7157513e9" />
  <Project Path="EventFlow.Core/EventFlow.Core.csproj" />
  <Project Path="EventFlow.DataAccess/EventFlow.DataAccess.csproj" Id="6b373dbe-b4c8-444b-8d7e-3ac4ce576336" />
  <Project Path="EventFlow.Presentation/EventFlow.Presentation.csproj" Id="5ce0f72f-404d-4643-b8d3-a4c54df3e13b" />
</Solution>
